PODS:
  - KMPermissionManager (2.0.0)

DEPENDENCIES:
  - KMPermissionManager (from `../`)

EXTERNAL SOURCES:
  KMPermissionManager:
    :path: "../"

SPEC CHECKSUMS:
  KMPermissionManager: c3cabe2027858a79e270536327457abdeedd38be

PODFILE CHECKSUM: 6fa4cd2b62eafd13990598c80a8ca98a2c4f3586

COCOAPODS: 1.8.4
